
Microsoft Visual Studio Solution File, Format Version 12.00
# Visual Studio 15
VisualStudioVersion = 15.0.28010.2003
MinimumVisualStudioVersion = 10.0.40219.1
Project("{9A19103F-16F7-4668-BE54-9A1E7A4F7556}") = "BanNoiThatPagado", "BanNoiThatPagado\BanNoiThatPagado.csproj", "{EEDE3A8B-E220-4ABE-A9E1-2B82615F60D5}"
EndProject
Global
	GlobalSection(SolutionConfigurationPlatforms) = preSolution
		Debug|Any CPU = Debug|Any CPU
		Release|Any CPU = Release|Any CPU
	EndGlobalSection
	GlobalSection(ProjectConfigurationPlatforms) = postSolution
		{EEDE3A8B-E220-4ABE-A9E1-2B82615F60D5}.Debug|Any CPU.ActiveCfg = Debug|Any CPU
		{EEDE3A8B-E220-4ABE-A9E1-2B82615F60D5}.Debug|Any CPU.Build.0 = Debug|Any CPU
		{EEDE3A8B-E220-4ABE-A9E1-2B82615F60D5}.Release|Any CPU.ActiveCfg = Release|Any CPU
		{EEDE3A8B-E220-4ABE-A9E1-2B82615F60D5}.Release|Any CPU.Build.0 = Release|Any CPU
	EndGlobalSection
	GlobalSection(SolutionProperties) = preSolution
		HideSolutionNode = FALSE
	EndGlobalSection
	GlobalSection(ExtensibilityGlobals) = postSolution
		SolutionGuid = {4FC48F61-A87D-487B-B4D4-B6F248CA4C9C}
	EndGlobalSection
EndGlobal
